
Microsoft Visual Studio Solution File, Format Version 12.00
# Visual Studio 15
VisualStudioVersion = 15.0.27130.2010
MinimumVisualStudioVersion = 10.0.40219.1
Project("{FAE04EC0-301F-11D3-BF4B-00C04F79EFBC}") = "Whiteboard_Communication_Service", "Whiteboard_Communication_Service\Whiteboard_Communication_Service.csproj", "{EDDC3E82-6E31-4134-AE98-88B312D109BB}"
EndProject
Global
	GlobalSection(SolutionConfigurationPlatforms) = preSolution
		Debug|Any CPU = Debug|Any CPU
		Release|Any CPU = Release|Any CPU
	EndGlobalSection
	GlobalSection(ProjectConfigurationPlatforms) = postSolution
		{EDDC3E82-6E31-4134-AE98-88B312D109BB}.Debug|Any CPU.ActiveCfg = Debug|Any CPU
		{EDDC3E82-6E31-4134-AE98-88B312D109BB}.Debug|Any CPU.Build.0 = Debug|Any CPU
		{EDDC3E82-6E31-4134-AE98-88B312D109BB}.Release|Any CPU.ActiveCfg = Release|Any CPU
		{EDDC3E82-6E31-4134-AE98-88B312D109BB}.Release|Any CPU.Build.0 = Release|Any CPU
	EndGlobalSection
	GlobalSection(SolutionProperties) = preSolution
		HideSolutionNode = FALSE
	EndGlobalSection
	GlobalSection(ExtensibilityGlobals) = postSolution
		SolutionGuid = {88B1EB92-9C4C-48D2-BA78-E1AA29267209}
	EndGlobalSection
EndGlobal
